
Microsoft Visual Studio Solution File, Format Version 12.00
# Visual Studio Express 2013 for Windows Desktop
VisualStudioVersion = 12.0.30723.0
MinimumVisualStudioVersion = 10.0.40219.1
Project("{8BC9CEB8-8B4A-11D0-8D11-00A0C91BC942}") = "Lab_1", "Lab_1\Lab_1.vcxproj", "{DD0B1050-0C31-49AE-B6EC-200026651A6D}"
EndProject
Project("{8BC9CEB8-8B4A-11D0-8D11-00A0C91BC942}") = "Lab_2", "Lab_2\Lab_2.vcxproj", "{2ACC9842-986D-4AC9-A9D6-25E9309EDF9B}"
EndProject
Project("{8BC9CEB8-8B4A-11D0-8D11-00A0C91BC942}") = "Lab_3", "Lab_3\Lab_3.vcxproj", "{85E1F5DC-234B-4B8C-B886-544AD1BB6D27}"
EndProject
Global
	GlobalSection(SolutionConfigurationPlatforms) = preSolution
		Debug|Win32 = Debug|Win32
		Release|Win32 = Release|Win32
	EndGlobalSection
	GlobalSection(ProjectConfigurationPlatforms) = postSolution
		{DD0B1050-0C31-49AE-B6EC-200026651A6D}.Debug|Win32.ActiveCfg = Debug|Win32
		{DD0B1050-0C31-49AE-B6EC-200026651A6D}.Debug|Win32.Build.0 = Debug|Win32
		{DD0B1050-0C31-49AE-B6EC-200026651A6D}.Release|Win32.ActiveCfg = Release|Win32
		{DD0B1050-0C31-49AE-B6EC-200026651A6D}.Release|Win32.Build.0 = Release|Win32
		{2ACC9842-986D-4AC9-A9D6-25E9309EDF9B}.Debug|Win32.ActiveCfg = Debug|Win32
		{2ACC9842-986D-4AC9-A9D6-25E9309EDF9B}.Debug|Win32.Build.0 = Debug|Win32
		{2ACC9842-986D-4AC9-A9D6-25E9309EDF9B}.Release|Win32.ActiveCfg = Release|Win32
		{2ACC9842-986D-4AC9-A9D6-25E9309EDF9B}.Release|Win32.Build.0 = Release|Win32
		{85E1F5DC-234B-4B8C-B886-544AD1BB6D27}.Debug|Win32.ActiveCfg = Debug|Win32
		{85E1F5DC-234B-4B8C-B886-544AD1BB6D27}.Debug|Win32.Build.0 = Debug|Win32
		{85E1F5DC-234B-4B8C-B886-544AD1BB6D27}.Release|Win32.ActiveCfg = Release|Win32
		{85E1F5DC-234B-4B8C-B886-544AD1BB6D27}.Release|Win32.Build.0 = Release|Win32
	EndGlobalSection
	GlobalSection(SolutionProperties) = preSolution
		HideSolutionNode = FALSE
	EndGlobalSection
EndGlobal
